
Microsoft Visual Studio Solution File, Format Version 12.00
# Visual Studio Version 17
VisualStudioVersion = 17.14.36221.1 d17.14
MinimumVisualStudioVersion = 10.0.40219.1
Project("{FAE04EC0-301F-11D3-BF4B-00C04F79EFBC}") = "HelloFunctionApp", "HelloFunctionApp.csproj", "{8EAB37B0-0521-4652-B506-E482B7973AE2}"
EndProject
Global
	GlobalSection(SolutionConfigurationPlatforms) = preSolution
		Debug|Any CPU = Debug|Any CPU
		Release|Any CPU = Release|Any CPU
	EndGlobalSection
	GlobalSection(ProjectConfigurationPlatforms) = postSolution
		{8EAB37B0-0521-4652-B506-E482B7973AE2}.Debug|Any CPU.ActiveCfg = Debug|Any CPU
		{8EAB37B0-0521-4652-B506-E482B7973AE2}.Debug|Any CPU.Build.0 = Debug|Any CPU
		{8EAB37B0-0521-4652-B506-E482B7973AE2}.Release|Any CPU.ActiveCfg = Release|Any CPU
		{8EAB37B0-0521-4652-B506-E482B7973AE2}.Release|Any CPU.Build.0 = Release|Any CPU
	EndGlobalSection
	GlobalSection(SolutionProperties) = preSolution
		HideSolutionNode = FALSE
	EndGlobalSection
	GlobalSection(ExtensibilityGlobals) = postSolution
		SolutionGuid = {493D2E36-989E-4B73-BD81-B1625879B37A}
	EndGlobalSection
EndGlobal
